// !$*UTF8*$!
{
	archiveVersion = 1;
	classes = {
	};
	objectVersion = 50;
	objects = {

/* Begin PBXBuildFile section */
		6451A265221EA1BC00FDADCD /* AppDelegate.swift in Sources */ = {isa = PBXBuildFile; fileRef = 6451A264221EA1BC00FDADCD /* AppDelegate.swift */; };
		6451A267221EA1BC00FDADCD /* ViewController.swift in Sources */ = {isa = PBXBuildFile; fileRef = 6451A266221EA1BC00FDADCD /* ViewController.swift */; };
		6451A26A221EA1BC00FDADCD /* Main.storyboard in Resources */ = {isa = PBXBuildFile; fileRef = 6451A268221EA1BC00FDADCD /* Main.storyboard */; };
		6451A26C221EA1BC00FDADCD /* Assets.xcassets in Resources */ = {isa = PBXBuildFile; fileRef = 6451A26B221EA1BC00FDADCD /* Assets.xcassets */; };
		6451A26F221EA1BC00FDADCD /* LaunchScreen.storyboard in Resources */ = {isa = PBXBuildFile; fileRef = 6451A26D221EA1BC00FDADCD /* LaunchScreen.storyboard */; };
/* End PBXBuildFile section */

/* Begin PBXFileReference section */
		6451A261221EA1BC00FDADCD /* ImageCombine.app */ = {isa = PBXFileReference; explicitFileType = wrapper.application; includeInIndex = 0; path = ImageCombine.app; sourceTree = BUILT_PRODUCTS_DIR; };
		6451A264221EA1BC00FDADCD /* AppDelegate.swift */ = {isa = PBXFileReference; lastKnownFileType = sourcecode.swift; path = AppDelegate.swift; sourceTree = "<group>"; };
		6451A266221EA1BC00FDADCD /* ViewController.swift */ = {isa = PBXFileReference; lastKnownFileType = sourcecode.swift; path = ViewController.swift; sourceTree = "<group>"; };
		6451A269221EA1BC00FDADCD /* Base */ = {isa = PBXFileReference; lastKnownFileType = file.storyboard; name = Base; path = Base.lproj/Main.storyboard; sourceTree = "<group>"; };
		6451A26B221EA1BC00FDADCD /* Assets.xcassets */ = {isa = PBXFileReference; lastKnownFileType = folder.assetcatalog; path = Assets.xcassets; sourceTree = "<group>"; };
		6451A26E221EA1BC00FDADCD /* Base */ = {isa = PBXFileReference; lastKnownFileType = file.storyboard; name = Base; path = Base.lproj/LaunchScreen.storyboard; sourceTree = "<group>"; };
		6451A270221EA1BC00FDADCD /* Info.plist */ = {isa = PBXFileReference; lastKnownFileType = text.plist.xml; path = Info.plist; sourceTree = "<group>"; };
/* End PBXFileReference section */

/* Begin PBXFrameworksBuildPhase section */
		6451A25E221EA1BC00FDADCD /* Frameworks */ = {
			isa = PBXFrameworksBuildPhase;
			buildActionMask = 2147483647;
			files = (
			);
			runOnlyForDeploymentPostprocessing = 0;
		};
/* End PBXFrameworksBuildPhase section */

/* Begin PBXGroup section */
		6451A258221EA1BC00FDADCD = {
			isa = PBXGroup;
			children = (
				6451A263221EA1BC00FDADCD /* ImageCombine */,
				6451A262221EA1BC00FDADCD /* Products */,
			);
			sourceTree = "<group>";
		};
		6451A262221EA1BC00FDADCD /* Products */ = {
			isa = PBXGroup;
			children = (
				6451A261221EA1BC00FDADCD /* ImageCombine.app */,
			);
			name = Products;
			sourceTree = "<group>";
		};
		6451A263221EA1BC00FDADCD /* ImageCombine */ = {
			isa = PBXGroup;
			children = (
				6451A279221EA25700FDADCD /* Setting */,
				6451A278221EA24D00FDADCD /* Material */,
				6451A277221EA23E00FDADCD /* Storyboard */,
				6451A276221EA23000FDADCD /* ViewController */,
				6451A264221EA1BC00FDADCD /* AppDelegate.swift */,
			);
			path = ImageCombine;
			sourceTree = "<group>";
		};
		6451A276221EA23000FDADCD /* ViewController */ = {
			isa = PBXGroup;
			children = (
				6451A266221EA1BC00FDADCD /* ViewController.swift */,
			);
			path = ViewController;
			sourceTree = "<group>";
		};
		6451A277221EA23E00FDADCD /* Storyboard */ = {
			isa = PBXGroup;
			children = (
				6451A26D221EA1BC00FDADCD /* LaunchScreen.storyboard */,
				6451A268221EA1BC00FDADCD /* Main.storyboard */,
			);
			path = Storyboard;
			sourceTree = "<group>";
		};
		6451A278221EA24D00FDADCD /* Material */ = {
			isa = PBXGroup;
			children = (
				6451A26B221EA1BC00FDADCD /* Assets.xcassets */,
			);
			path = Material;
			sourceTree = "<group>";
		};
		6451A279221EA25700FDADCD /* Setting */ = {
			isa = PBXGroup;
			children = (
				6451A270221EA1BC00FDADCD /* Info.plist */,
			);
			name = Setting;
			sourceTree = "<group>";
		};
/* End PBXGroup section */

/* Begin PBXNativeTarget section */
		6451A260221EA1BC00FDADCD /* ImageCombine */ = {
			isa = PBXNativeTarget;
			buildConfigurationList = 6451A273221EA1BC00FDADCD /* Build configuration list for PBXNativeTarget "ImageCombine" */;
			buildPhases = (
				6451A25D221EA1BC00FDADCD /* Sources */,
				6451A25E221EA1BC00FDADCD /* Frameworks */,
				6451A25F221EA1BC00FDADCD /* Resources */,
			);
			buildRules = (
			);
			dependencies = (
			);
			name = ImageCombine;
			productName = ImageCombine;
			productReference = 6451A261221EA1BC00FDADCD /* ImageCombine.app */;
			productType = "com.apple.product-type.application";
		};
/* End PBXNativeTarget section */

/* Begin PBXProject section */
		6451A259221EA1BC00FDADCD /* Project object */ = {
			isa = PBXProject;
			attributes = {
				LastSwiftUpdateCheck = 1010;
				LastUpgradeCheck = 1010;
				ORGANIZATIONNAME = "IIT-翁禹斌(William.Weng)";
				TargetAttributes = {
					6451A260221EA1BC00FDADCD = {
						CreatedOnToolsVersion = 10.1;
					};
				};
			};
			buildConfigurationList = 6451A25C221EA1BC00FDADCD /* Build configuration list for PBXProject "ImageCombine" */;
			compatibilityVersion = "Xcode 9.3";
			developmentRegion = en;
			hasScannedForEncodings = 0;
			knownRegions = (
				en,
				Base,
			);
			mainGroup = 6451A258221EA1BC00FDADCD;
			productRefGroup = 6451A262221EA1BC00FDADCD /* Products */;
			projectDirPath = "";
			projectRoot = "";
			targets = (
				6451A260221EA1BC00FDADCD /* ImageCombine */,
			);
		};
/* End PBXProject section */

/* Begin PBXResourcesBuildPhase section */
		6451A25F221EA1BC00FDADCD /* Resources */ = {
			isa = PBXResourcesBuildPhase;
			buildActionMask = 2147483647;
			files = (
				6451A26F221EA1BC00FDADCD /* LaunchScreen.storyboard in Resources */,
				6451A26C221EA1BC00FDADCD /* Assets.xcassets in Resources */,
				6451A26A221EA1BC00FDADCD /* Main.storyboard in Resources */,
			);
			runOnlyForDeploymentPostprocessing = 0;
		};
/* End PBXResourcesBuildPhase section */

/* Begin PBXSourcesBuildPhase section */
		6451A25D221EA1BC00FDADCD /* Sources */ = {
			isa = PBXSourcesBuildPhase;
			buildActionMask = 2147483647;
			files = (
				6451A267221EA1BC00FDADCD /* ViewController.swift in Sources */,
				6451A265221EA1BC00FDADCD /* AppDelegate.swift in Sources */,
			);
			runOnlyForDeploymentPostprocessing = 0;
		};
/* End PBXSourcesBuildPhase section */

/* Begin PBXVariantGroup section */
		6451A268221EA1BC00FDADCD /* Main.storyboard */ = {
			isa = PBXVariantGroup;
			children = (
				6451A269221EA1BC00FDADCD /* Base */,
			);
			name = Main.storyboard;
			sourceTree = "<group>";
		};
		6451A26D221EA1BC00FDADCD /* LaunchScreen.storyboard */ = {
			isa = PBXVariantGroup;
			children = (
				6451A26E221EA1BC00FDADCD /* Base */,
			);
			name = LaunchScreen.storyboard;
			sourceTree = "<group>";
		};
/* End PBXVariantGroup section */

/* Begin XCBuildConfiguration section */
		6451A271221EA1BC00FDADCD /* Debug */ = {
			isa = XCBuildConfiguration;
			buildSettings = {
				ALWAYS_SEARCH_USER_PATHS = NO;
				CLANG_ANALYZER_NONNULL = YES;
				CLANG_ANALYZER_NUMBER_OBJECT_CONVERSION = YES_AGGRESSIVE;
				CLANG_CXX_LANGUAGE_STANDARD = "gnu++14";
				CLANG_CXX_LIBRARY = "libc++";
				CLANG_ENABLE_MODULES = YES;
				CLANG_ENABLE_OBJC_ARC = YES;
				CLANG_ENABLE_OBJC_WEAK = YES;
				CLANG_WARN_BLOCK_CAPTURE_AUTORELEASING = YES;
				CLANG_WARN_BOOL_CONVERSION = YES;
				CLANG_WARN_COMMA = YES;
				CLANG_WARN_CONSTANT_CONVERSION = YES;
				CLANG_WARN_DEPRECATED_OBJC_IMPLEMENTATIONS = YES;
				CLANG_WARN_DIRECT_OBJC_ISA_USAGE = YES_ERROR;
				CLANG_WARN_DOCUMENTATION_COMMENTS = YES;
				CLANG_WARN_EMPTY_BODY = YES;
				CLANG_WARN_ENUM_CONVERSION = YES;
				CLANG_WARN_INFINITE_RECURSION = YES;
				CLANG_WARN_INT_CONVERSION = YES;
				CLANG_WARN_NON_LITERAL_NULL_CONVERSION = YES;
				CLANG_WARN_OBJC_IMPLICIT_RETAIN_SELF = YES;
				CLANG_WARN_OBJC_LITERAL_CONVERSION = YES;
				CLANG_WARN_OBJC_ROOT_CLASS = YES_ERROR;
				CLANG_WARN_RANGE_LOOP_ANALYSIS = YES;
				CLANG_WARN_STRICT_PROTOTYPES = YES;
				CLANG_WARN_SUSPICIOUS_MOVE = YES;
				CLANG_WARN_UNGUARDED_AVAILABILITY = YES_AGGRESSIVE;
				CLANG_WARN_UNREACHABLE_CODE = YES;
				CLANG_WARN__DUPLICATE_METHOD_MATCH = YES;
				CODE_SIGN_IDENTITY = "iPhone Developer";
				COPY_PHASE_STRIP = NO;
				DEBUG_INFORMATION_FORMAT = dwarf;
				ENABLE_STRICT_OBJC_MSGSEND = YES;
				ENABLE_TESTABILITY = YES;
				GCC_C_LANGUAGE_STANDARD = gnu11;
				GCC_DYNAMIC_NO_PIC = NO;
				GCC_NO_COMMON_BLOCKS = YES;
				GCC_OPTIMIZATION_LEVEL = 0;
				GCC_PREPROCESSOR_DEFINITIONS = (
					"DEBUG=1",
					"$(inherited)",
				);
				GCC_WARN_64_TO_32_BIT_CONVERSION = YES;
				GCC_WARN_ABOUT_RETURN_TYPE = YES_ERROR;
				GCC_WARN_UNDECLARED_SELECTOR = YES;
				GCC_WARN_UNINITIALIZED_AUTOS = YES_AGGRESSIVE;
				GCC_WARN_UNUSED_FUNCTION = YES;
				GCC_WARN_UNUSED_VARIABLE = YES;
				IPHONEOS_DEPLOYMENT_TARGET = 12.1;
				MTL_ENABLE_DEBUG_INFO = INCLUDE_SOURCE;
				MTL_FAST_MATH = YES;
				ONLY_ACTIVE_ARCH = YES;
				SDKROOT = iphoneos;
				SWIFT_ACTIVE_COMPILATION_CONDITIONS = DEBUG;
				SWIFT_OPTIMIZATION_LEVEL = "-Onone";
			};
			name = Debug;
		};
		6451A272221EA1BC00FDADCD /* Release */ = {
			isa = XCBuildConfiguration;
			buildSettings = {
				ALWAYS_SEARCH_USER_PATHS = NO;
				CLANG_ANALYZER_NONNULL = YES;
				CLANG_ANALYZER_NUMBER_OBJECT_CONVERSION = YES_AGGRESSIVE;
				CLANG_CXX_LANGUAGE_STANDARD = "gnu++14";
				CLANG_CXX_LIBRARY = "libc++";
				CLANG_ENABLE_MODULES = YES;
				CLANG_ENABLE_OBJC_ARC = YES;
				CLANG_ENABLE_OBJC_WEAK = YES;
				CLANG_WARN_BLOCK_CAPTURE_AUTORELEASING = YES;
				CLANG_WARN_BOOL_CONVERSION = YES;
				CLANG_WARN_COMMA = YES;
				CLANG_WARN_CONSTANT_CONVERSION = YES;
				CLANG_WARN_DEPRECATED_OBJC_IMPLEMENTATIONS = YES;
				CLANG_WARN_DIRECT_OBJC_ISA_USAGE = YES_ERROR;
				CLANG_WARN_DOCUMENTATION_COMMENTS = YES;
				CLANG_WARN_EMPTY_BODY = YES;
				CLANG_WARN_ENUM_CONVERSION = YES;
				CLANG_WARN_INFINITE_RECURSION = YES;
				CLANG_WARN_INT_CONVERSION = YES;
				CLANG_WARN_NON_LITERAL_NULL_CONVERSION = YES;
				CLANG_WARN_OBJC_IMPLICIT_RETAIN_SELF = YES;
				CLANG_WARN_OBJC_LITERAL_CONVERSION = YES;
				CLANG_WARN_OBJC_ROOT_CLASS = YES_ERROR;
				CLANG_WARN_RANGE_LOOP_ANALYSIS = YES;
				CLANG_WARN_STRICT_PROTOTYPES = YES;
				CLANG_WARN_SUSPICIOUS_MOVE = YES;
				CLANG_WARN_UNGUARDED_AVAILABILITY = YES_AGGRESSIVE;
				CLANG_WARN_UNREACHABLE_CODE = YES;
				CLANG_WARN__DUPLICATE_METHOD_MATCH = YES;
				CODE_SIGN_IDENTITY = "iPhone Developer";
				COPY_PHASE_STRIP = NO;
				DEBUG_INFORMATION_FORMAT = "dwarf-with-dsym";
				ENABLE_NS_ASSERTIONS = NO;
				ENABLE_STRICT_OBJC_MSGSEND = YES;
				GCC_C_LANGUAGE_STANDARD = gnu11;
				GCC_NO_COMMON_BLOCKS = YES;
				GCC_WARN_64_TO_32_BIT_CONVERSION = YES;
				GCC_WARN_ABOUT_RETURN_TYPE = YES_ERROR;
				GCC_WARN_UNDECLARED_SELECTOR = YES;
				GCC_WARN_UNINITIALIZED_AUTOS = YES_AGGRESSIVE;
				GCC_WARN_UNUSED_FUNCTION = YES;
				GCC_WARN_UNUSED_VARIABLE = YES;
				IPHONEOS_DEPLOYMENT_TARGET = 12.1;
				MTL_ENABLE_DEBUG_INFO = NO;
				MTL_FAST_MATH = YES;
				SDKROOT = iphoneos;
				SWIFT_COMPILATION_MODE = wholemodule;
				SWIFT_OPTIMIZATION_LEVEL = "-O";
				VALIDATE_PRODUCT = YES;
			};
			name = Release;
		};
		6451A274221EA1BC00FDADCD /* Debug */ = {
			isa = XCBuildConfiguration;
			buildSettings = {
				ASSETCATALOG_COMPILER_APPICON_NAME = AppIcon;
				CODE_SIGN_STYLE = Automatic;
				DEVELOPMENT_TEAM = GXE4438K84;
				INFOPLIST_FILE = ImageCombine/Info.plist;
				IPHONEOS_DEPLOYMENT_TARGET = 10.0;
				LD_RUNPATH_SEARCH_PATHS = (
					"$(inherited)",
					"@executable_path/Frameworks",
				);
				PRODUCT_BUNDLE_IDENTIFIER = tw.idv.william.ImageCombine;
				PRODUCT_NAME = "$(TARGET_NAME)";
				SWIFT_VERSION = 4.2;
				TARGETED_DEVICE_FAMILY = "1,2";
			};
			name = Debug;
		};
		6451A275221EA1BC00FDADCD /* Release */ = {
			isa = XCBuildConfiguration;
			buildSettings = {
				ASSETCATALOG_COMPILER_APPICON_NAME = AppIcon;
				CODE_SIGN_STYLE = Automatic;
				DEVELOPMENT_TEAM = GXE4438K84;
				INFOPLIST_FILE = ImageCombine/Info.plist;
				IPHONEOS_DEPLOYMENT_TARGET = 10.0;
				LD_RUNPATH_SEARCH_PATHS = (
					"$(inherited)",
					"@executable_path/Frameworks",
				);
				PRODUCT_BUNDLE_IDENTIFIER = tw.idv.william.ImageCombine;
				PRODUCT_NAME = "$(TARGET_NAME)";
				SWIFT_VERSION = 4.2;
				TARGETED_DEVICE_FAMILY = "1,2";
			};
			name = Release;
		};
/* End XCBuildConfiguration section */

/* Begin XCConfigurationList section */
		6451A25C221EA1BC00FDADCD /* Build configuration list for PBXProject "ImageCombine" */ = {
			isa = XCConfigurationList;
			buildConfigurations = (
				6451A271221EA1BC00FDADCD /* Debug */,
				6451A272221EA1BC00FDADCD /* Release */,
			);
			defaultConfigurationIsVisible = 0;
			defaultConfigurationName = Release;
		};
		6451A273221EA1BC00FDADCD /* Build configuration list for PBXNativeTarget "ImageCombine" */ = {
			isa = XCConfigurationList;
			buildConfigurations = (
				6451A274221EA1BC00FDADCD /* Debug */,
				6451A275221EA1BC00FDADCD /* Release */,
			);
			defaultConfigurationIsVisible = 0;
			defaultConfigurationName = Release;
		};
/* End XCConfigurationList section */
	};
	rootObject = 6451A259221EA1BC00FDADCD /* Project object */;
}
