{
  "pins" : [
    {
      "identity" : "wwhud",
      "kind" : "remoteSourceControl",
      "location" : "https://github.com/William-Weng/WWHUD",
      "state" : {
        "revision" : "eb99ab96183c0aba10be35bf747f388ef8c4b50e",
        "version" : "1.3.1"
      }
    },
    {
      "identity" : "wwprint",
      "kind" : "remoteSourceControl",
      "location" : "https://github.com/William-Weng/WWPrint",
      "state" : {
        "revision" : "8f5928f5d36624d77f8fc563fd8e31a59cfac6b6",
        "version" : "1.3.1"
      }
    }
  ],
  "version" : 2
}
