// !$*UTF8*$!
{
	archiveVersion = 1;
	classes = {
	};
	objectVersion = 50;
	objects = {

/* Begin PBXBuildFile section */
		64C006AC2501D021005E4D61 /* AppDelegate.swift in Sources */ = {isa = PBXBuildFile; fileRef = 64C006AB2501D021005E4D61 /* AppDelegate.swift */; };
		64C006AE2501D021005E4D61 /* SceneDelegate.swift in Sources */ = {isa = PBXBuildFile; fileRef = 64C006AD2501D021005E4D61 /* SceneDelegate.swift */; };
		64C006B02501D021005E4D61 /* ViewController.swift in Sources */ = {isa = PBXBuildFile; fileRef = 64C006AF2501D021005E4D61 /* ViewController.swift */; };
		64C006B32501D021005E4D61 /* Main.storyboard in Resources */ = {isa = PBXBuildFile; fileRef = 64C006B12501D021005E4D61 /* Main.storyboard */; };
		64C006B52501D026005E4D61 /* Assets.xcassets in Resources */ = {isa = PBXBuildFile; fileRef = 64C006B42501D026005E4D61 /* Assets.xcassets */; };
		64C006B82501D026005E4D61 /* LaunchScreen.storyboard in Resources */ = {isa = PBXBuildFile; fileRef = 64C006B62501D026005E4D61 /* LaunchScreen.storyboard */; };
/* End PBXBuildFile section */

/* Begin PBXFileReference section */
		64C006A82501D021005E4D61 /* SKStoreProductVC.app */ = {isa = PBXFileReference; explicitFileType = wrapper.application; includeInIndex = 0; path = SKStoreProductVC.app; sourceTree = BUILT_PRODUCTS_DIR; };
		64C006AB2501D021005E4D61 /* AppDelegate.swift */ = {isa = PBXFileReference; lastKnownFileType = sourcecode.swift; path = AppDelegate.swift; sourceTree = "<group>"; };
		64C006AD2501D021005E4D61 /* SceneDelegate.swift */ = {isa = PBXFileReference; lastKnownFileType = sourcecode.swift; path = SceneDelegate.swift; sourceTree = "<group>"; };
		64C006AF2501D021005E4D61 /* ViewController.swift */ = {isa = PBXFileReference; lastKnownFileType = sourcecode.swift; path = ViewController.swift; sourceTree = "<group>"; };
		64C006B22501D021005E4D61 /* Base */ = {isa = PBXFileReference; lastKnownFileType = file.storyboard; name = Base; path = Base.lproj/Main.storyboard; sourceTree = "<group>"; };
		64C006B42501D026005E4D61 /* Assets.xcassets */ = {isa = PBXFileReference; lastKnownFileType = folder.assetcatalog; path = Assets.xcassets; sourceTree = "<group>"; };
		64C006B72501D026005E4D61 /* Base */ = {isa = PBXFileReference; lastKnownFileType = file.storyboard; name = Base; path = Base.lproj/LaunchScreen.storyboard; sourceTree = "<group>"; };
		64C006B92501D026005E4D61 /* Info.plist */ = {isa = PBXFileReference; lastKnownFileType = text.plist.xml; path = Info.plist; sourceTree = "<group>"; };
/* End PBXFileReference section */

/* Begin PBXFrameworksBuildPhase section */
		64C006A52501D021005E4D61 /* Frameworks */ = {
			isa = PBXFrameworksBuildPhase;
			buildActionMask = 2147483647;
			files = (
			);
			runOnlyForDeploymentPostprocessing = 0;
		};
/* End PBXFrameworksBuildPhase section */

/* Begin PBXGroup section */
		64C0069F2501D021005E4D61 = {
			isa = PBXGroup;
			children = (
				64C006AA2501D021005E4D61 /* SKStoreProductVC */,
				64C006A92501D021005E4D61 /* Products */,
			);
			sourceTree = "<group>";
		};
		64C006A92501D021005E4D61 /* Products */ = {
			isa = PBXGroup;
			children = (
				64C006A82501D021005E4D61 /* SKStoreProductVC.app */,
			);
			name = Products;
			sourceTree = "<group>";
		};
		64C006AA2501D021005E4D61 /* SKStoreProductVC */ = {
			isa = PBXGroup;
			children = (
				64C006C22501D591005E4D61 /* Setting */,
				64C006C12501D589005E4D61 /* Material */,
				64C006C02501D573005E4D61 /* ViewController */,
				64C006BF2501D561005E4D61 /* Storyboard */,
				64C006AB2501D021005E4D61 /* AppDelegate.swift */,
				64C006AD2501D021005E4D61 /* SceneDelegate.swift */,
			);
			path = SKStoreProductVC;
			sourceTree = "<group>";
		};
		64C006BF2501D561005E4D61 /* Storyboard */ = {
			isa = PBXGroup;
			children = (
				64C006B12501D021005E4D61 /* Main.storyboard */,
				64C006B62501D026005E4D61 /* LaunchScreen.storyboard */,
			);
			path = Storyboard;
			sourceTree = "<group>";
		};
		64C006C02501D573005E4D61 /* ViewController */ = {
			isa = PBXGroup;
			children = (
				64C006AF2501D021005E4D61 /* ViewController.swift */,
			);
			path = ViewController;
			sourceTree = "<group>";
		};
		64C006C12501D589005E4D61 /* Material */ = {
			isa = PBXGroup;
			children = (
				64C006B42501D026005E4D61 /* Assets.xcassets */,
			);
			path = Material;
			sourceTree = "<group>";
		};
		64C006C22501D591005E4D61 /* Setting */ = {
			isa = PBXGroup;
			children = (
				64C006B92501D026005E4D61 /* Info.plist */,
			);
			name = Setting;
			sourceTree = "<group>";
		};
/* End PBXGroup section */

/* Begin PBXNativeTarget section */
		64C006A72501D021005E4D61 /* SKStoreProductVC */ = {
			isa = PBXNativeTarget;
			buildConfigurationList = 64C006BC2501D026005E4D61 /* Build configuration list for PBXNativeTarget "SKStoreProductVC" */;
			buildPhases = (
				64C006A42501D021005E4D61 /* Sources */,
				64C006A52501D021005E4D61 /* Frameworks */,
				64C006A62501D021005E4D61 /* Resources */,
			);
			buildRules = (
			);
			dependencies = (
			);
			name = SKStoreProductVC;
			productName = SKStoreProductVC;
			productReference = 64C006A82501D021005E4D61 /* SKStoreProductVC.app */;
			productType = "com.apple.product-type.application";
		};
/* End PBXNativeTarget section */

/* Begin PBXProject section */
		64C006A02501D021005E4D61 /* Project object */ = {
			isa = PBXProject;
			attributes = {
				LastSwiftUpdateCheck = 1170;
				LastUpgradeCheck = 1170;
				ORGANIZATIONNAME = William.Weng;
				TargetAttributes = {
					64C006A72501D021005E4D61 = {
						CreatedOnToolsVersion = 11.7;
					};
				};
			};
			buildConfigurationList = 64C006A32501D021005E4D61 /* Build configuration list for PBXProject "SKStoreProductVC" */;
			compatibilityVersion = "Xcode 9.3";
			developmentRegion = en;
			hasScannedForEncodings = 0;
			knownRegions = (
				en,
				Base,
			);
			mainGroup = 64C0069F2501D021005E4D61;
			productRefGroup = 64C006A92501D021005E4D61 /* Products */;
			projectDirPath = "";
			projectRoot = "";
			targets = (
				64C006A72501D021005E4D61 /* SKStoreProductVC */,
			);
		};
/* End PBXProject section */

/* Begin PBXResourcesBuildPhase section */
		64C006A62501D021005E4D61 /* Resources */ = {
			isa = PBXResourcesBuildPhase;
			buildActionMask = 2147483647;
			files = (
				64C006B82501D026005E4D61 /* LaunchScreen.storyboard in Resources */,
				64C006B52501D026005E4D61 /* Assets.xcassets in Resources */,
				64C006B32501D021005E4D61 /* Main.storyboard in Resources */,
			);
			runOnlyForDeploymentPostprocessing = 0;
		};
/* End PBXResourcesBuildPhase section */

/* Begin PBXSourcesBuildPhase section */
		64C006A42501D021005E4D61 /* Sources */ = {
			isa = PBXSourcesBuildPhase;
			buildActionMask = 2147483647;
			files = (
				64C006B02501D021005E4D61 /* ViewController.swift in Sources */,
				64C006AC2501D021005E4D61 /* AppDelegate.swift in Sources */,
				64C006AE2501D021005E4D61 /* SceneDelegate.swift in Sources */,
			);
			runOnlyForDeploymentPostprocessing = 0;
		};
/* End PBXSourcesBuildPhase section */

/* Begin PBXVariantGroup section */
		64C006B12501D021005E4D61 /* Main.storyboard */ = {
			isa = PBXVariantGroup;
			children = (
				64C006B22501D021005E4D61 /* Base */,
			);
			name = Main.storyboard;
			sourceTree = "<group>";
		};
		64C006B62501D026005E4D61 /* LaunchScreen.storyboard */ = {
			isa = PBXVariantGroup;
			children = (
				64C006B72501D026005E4D61 /* Base */,
			);
			name = LaunchScreen.storyboard;
			sourceTree = "<group>";
		};
/* End PBXVariantGroup section */

/* Begin XCBuildConfiguration section */
		64C006BA2501D026005E4D61 /* Debug */ = {
			isa = XCBuildConfiguration;
			buildSettings = {
				ALWAYS_SEARCH_USER_PATHS = NO;
				CLANG_ANALYZER_NONNULL = YES;
				CLANG_ANALYZER_NUMBER_OBJECT_CONVERSION = YES_AGGRESSIVE;
				CLANG_CXX_LANGUAGE_STANDARD = "gnu++14";
				CLANG_CXX_LIBRARY = "libc++";
				CLANG_ENABLE_MODULES = YES;
				CLANG_ENABLE_OBJC_ARC = YES;
				CLANG_ENABLE_OBJC_WEAK = YES;
				CLANG_WARN_BLOCK_CAPTURE_AUTORELEASING = YES;
				CLANG_WARN_BOOL_CONVERSION = YES;
				CLANG_WARN_COMMA = YES;
				CLANG_WARN_CONSTANT_CONVERSION = YES;
				CLANG_WARN_DEPRECATED_OBJC_IMPLEMENTATIONS = YES;
				CLANG_WARN_DIRECT_OBJC_ISA_USAGE = YES_ERROR;
				CLANG_WARN_DOCUMENTATION_COMMENTS = YES;
				CLANG_WARN_EMPTY_BODY = YES;
				CLANG_WARN_ENUM_CONVERSION = YES;
				CLANG_WARN_INFINITE_RECURSION = YES;
				CLANG_WARN_INT_CONVERSION = YES;
				CLANG_WARN_NON_LITERAL_NULL_CONVERSION = YES;
				CLANG_WARN_OBJC_IMPLICIT_RETAIN_SELF = YES;
				CLANG_WARN_OBJC_LITERAL_CONVERSION = YES;
				CLANG_WARN_OBJC_ROOT_CLASS = YES_ERROR;
				CLANG_WARN_RANGE_LOOP_ANALYSIS = YES;
				CLANG_WARN_STRICT_PROTOTYPES = YES;
				CLANG_WARN_SUSPICIOUS_MOVE = YES;
				CLANG_WARN_UNGUARDED_AVAILABILITY = YES_AGGRESSIVE;
				CLANG_WARN_UNREACHABLE_CODE = YES;
				CLANG_WARN__DUPLICATE_METHOD_MATCH = YES;
				COPY_PHASE_STRIP = NO;
				DEBUG_INFORMATION_FORMAT = dwarf;
				ENABLE_STRICT_OBJC_MSGSEND = YES;
				ENABLE_TESTABILITY = YES;
				GCC_C_LANGUAGE_STANDARD = gnu11;
				GCC_DYNAMIC_NO_PIC = NO;
				GCC_NO_COMMON_BLOCKS = YES;
				GCC_OPTIMIZATION_LEVEL = 0;
				GCC_PREPROCESSOR_DEFINITIONS = (
					"DEBUG=1",
					"$(inherited)",
				);
				GCC_WARN_64_TO_32_BIT_CONVERSION = YES;
				GCC_WARN_ABOUT_RETURN_TYPE = YES_ERROR;
				GCC_WARN_UNDECLARED_SELECTOR = YES;
				GCC_WARN_UNINITIALIZED_AUTOS = YES_AGGRESSIVE;
				GCC_WARN_UNUSED_FUNCTION = YES;
				GCC_WARN_UNUSED_VARIABLE = YES;
				IPHONEOS_DEPLOYMENT_TARGET = 13.7;
				MTL_ENABLE_DEBUG_INFO = INCLUDE_SOURCE;
				MTL_FAST_MATH = YES;
				ONLY_ACTIVE_ARCH = YES;
				SDKROOT = iphoneos;
				SWIFT_ACTIVE_COMPILATION_CONDITIONS = DEBUG;
				SWIFT_OPTIMIZATION_LEVEL = "-Onone";
			};
			name = Debug;
		};
		64C006BB2501D026005E4D61 /* Release */ = {
			isa = XCBuildConfiguration;
			buildSettings = {
				ALWAYS_SEARCH_USER_PATHS = NO;
				CLANG_ANALYZER_NONNULL = YES;
				CLANG_ANALYZER_NUMBER_OBJECT_CONVERSION = YES_AGGRESSIVE;
				CLANG_CXX_LANGUAGE_STANDARD = "gnu++14";
				CLANG_CXX_LIBRARY = "libc++";
				CLANG_ENABLE_MODULES = YES;
				CLANG_ENABLE_OBJC_ARC = YES;
				CLANG_ENABLE_OBJC_WEAK = YES;
				CLANG_WARN_BLOCK_CAPTURE_AUTORELEASING = YES;
				CLANG_WARN_BOOL_CONVERSION = YES;
				CLANG_WARN_COMMA = YES;
				CLANG_WARN_CONSTANT_CONVERSION = YES;
				CLANG_WARN_DEPRECATED_OBJC_IMPLEMENTATIONS = YES;
				CLANG_WARN_DIRECT_OBJC_ISA_USAGE = YES_ERROR;
				CLANG_WARN_DOCUMENTATION_COMMENTS = YES;
				CLANG_WARN_EMPTY_BODY = YES;
				CLANG_WARN_ENUM_CONVERSION = YES;
				CLANG_WARN_INFINITE_RECURSION = YES;
				CLANG_WARN_INT_CONVERSION = YES;
				CLANG_WARN_NON_LITERAL_NULL_CONVERSION = YES;
				CLANG_WARN_OBJC_IMPLICIT_RETAIN_SELF = YES;
				CLANG_WARN_OBJC_LITERAL_CONVERSION = YES;
				CLANG_WARN_OBJC_ROOT_CLASS = YES_ERROR;
				CLANG_WARN_RANGE_LOOP_ANALYSIS = YES;
				CLANG_WARN_STRICT_PROTOTYPES = YES;
				CLANG_WARN_SUSPICIOUS_MOVE = YES;
				CLANG_WARN_UNGUARDED_AVAILABILITY = YES_AGGRESSIVE;
				CLANG_WARN_UNREACHABLE_CODE = YES;
				CLANG_WARN__DUPLICATE_METHOD_MATCH = YES;
				COPY_PHASE_STRIP = NO;
				DEBUG_INFORMATION_FORMAT = "dwarf-with-dsym";
				ENABLE_NS_ASSERTIONS = NO;
				ENABLE_STRICT_OBJC_MSGSEND = YES;
				GCC_C_LANGUAGE_STANDARD = gnu11;
				GCC_NO_COMMON_BLOCKS = YES;
				GCC_WARN_64_TO_32_BIT_CONVERSION = YES;
				GCC_WARN_ABOUT_RETURN_TYPE = YES_ERROR;
				GCC_WARN_UNDECLARED_SELECTOR = YES;
				GCC_WARN_UNINITIALIZED_AUTOS = YES_AGGRESSIVE;
				GCC_WARN_UNUSED_FUNCTION = YES;
				GCC_WARN_UNUSED_VARIABLE = YES;
				IPHONEOS_DEPLOYMENT_TARGET = 13.7;
				MTL_ENABLE_DEBUG_INFO = NO;
				MTL_FAST_MATH = YES;
				SDKROOT = iphoneos;
				SWIFT_COMPILATION_MODE = wholemodule;
				SWIFT_OPTIMIZATION_LEVEL = "-O";
				VALIDATE_PRODUCT = YES;
			};
			name = Release;
		};
		64C006BD2501D026005E4D61 /* Debug */ = {
			isa = XCBuildConfiguration;
			buildSettings = {
				ASSETCATALOG_COMPILER_APPICON_NAME = AppIcon;
				CODE_SIGN_STYLE = Automatic;
				DEVELOPMENT_TEAM = 4Q5CYDAG3B;
				INFOPLIST_FILE = SKStoreProductVC/Info.plist;
				IPHONEOS_DEPLOYMENT_TARGET = 13.0;
				LD_RUNPATH_SEARCH_PATHS = (
					"$(inherited)",
					"@executable_path/Frameworks",
				);
				PRODUCT_BUNDLE_IDENTIFIER = tw.idv.william.SKStoreProductVC;
				PRODUCT_NAME = "$(TARGET_NAME)";
				SWIFT_VERSION = 5.0;
				TARGETED_DEVICE_FAMILY = "1,2";
			};
			name = Debug;
		};
		64C006BE2501D026005E4D61 /* Release */ = {
			isa = XCBuildConfiguration;
			buildSettings = {
				ASSETCATALOG_COMPILER_APPICON_NAME = AppIcon;
				CODE_SIGN_STYLE = Automatic;
				DEVELOPMENT_TEAM = 4Q5CYDAG3B;
				INFOPLIST_FILE = SKStoreProductVC/Info.plist;
				IPHONEOS_DEPLOYMENT_TARGET = 13.0;
				LD_RUNPATH_SEARCH_PATHS = (
					"$(inherited)",
					"@executable_path/Frameworks",
				);
				PRODUCT_BUNDLE_IDENTIFIER = tw.idv.william.SKStoreProductVC;
				PRODUCT_NAME = "$(TARGET_NAME)";
				SWIFT_VERSION = 5.0;
				TARGETED_DEVICE_FAMILY = "1,2";
			};
			name = Release;
		};
/* End XCBuildConfiguration section */

/* Begin XCConfigurationList section */
		64C006A32501D021005E4D61 /* Build configuration list for PBXProject "SKStoreProductVC" */ = {
			isa = XCConfigurationList;
			buildConfigurations = (
				64C006BA2501D026005E4D61 /* Debug */,
				64C006BB2501D026005E4D61 /* Release */,
			);
			defaultConfigurationIsVisible = 0;
			defaultConfigurationName = Release;
		};
		64C006BC2501D026005E4D61 /* Build configuration list for PBXNativeTarget "SKStoreProductVC" */ = {
			isa = XCConfigurationList;
			buildConfigurations = (
				64C006BD2501D026005E4D61 /* Debug */,
				64C006BE2501D026005E4D61 /* Release */,
			);
			defaultConfigurationIsVisible = 0;
			defaultConfigurationName = Release;
		};
/* End XCConfigurationList section */
	};
	rootObject = 64C006A02501D021005E4D61 /* Project object */;
}
